// !$*UTF8*$!
{
	archiveVersion = 1;
	classes = {
	};
	objectVersion = 56;
	objects = {

/* Begin PBXBuildFile section */
		EF2EB01F2AD4593800F44F2F /* DesempenhoViewController.swift in Sources */ = {isa = PBXBuildFile; fileRef = EF2EB01E2AD4593800F44F2F /* DesempenhoViewController.swift */; };
		EF76CB982AD2DF740092A8EC /* AppDelegate.swift in Sources */ = {isa = PBXBuildFile; fileRef = EF76CB972AD2DF740092A8EC /* AppDelegate.swift */; };
		EF76CB9A2AD2DF740092A8EC /* SceneDelegate.swift in Sources */ = {isa = PBXBuildFile; fileRef = EF76CB992AD2DF740092A8EC /* SceneDelegate.swift */; };
		EF76CB9C2AD2DF740092A8EC /* ViewController.swift in Sources */ = {isa = PBXBuildFile; fileRef = EF76CB9B2AD2DF740092A8EC /* ViewController.swift */; };
		EF76CB9F2AD2DF740092A8EC /* Main.storyboard in Resources */ = {isa = PBXBuildFile; fileRef = EF76CB9D2AD2DF740092A8EC /* Main.storyboard */; };
		EF76CBA12AD2DF750092A8EC /* Assets.xcassets in Resources */ = {isa = PBXBuildFile; fileRef = EF76CBA02AD2DF750092A8EC /* Assets.xcassets */; };
		EF76CBA42AD2DF750092A8EC /* LaunchScreen.storyboard in Resources */ = {isa = PBXBuildFile; fileRef = EF76CBA22AD2DF750092A8EC /* LaunchScreen.storyboard */; };
		EFCBF7382AD348FE00501789 /* Questao.swift in Sources */ = {isa = PBXBuildFile; fileRef = EFCBF7372AD348FE00501789 /* Questao.swift */; };
		EFCEFDCC2AD2F2EE0050E2B6 /* QuestaoViewController.swift in Sources */ = {isa = PBXBuildFile; fileRef = EFCEFDCB2AD2F2EE0050E2B6 /* QuestaoViewController.swift */; };
/* End PBXBuildFile section */

/* Begin PBXFileReference section */
		EF2EB01E2AD4593800F44F2F /* DesempenhoViewController.swift */ = {isa = PBXFileReference; lastKnownFileType = sourcecode.swift; path = DesempenhoViewController.swift; sourceTree = "<group>"; };
		EF76CB942AD2DF740092A8EC /* iQuiz.app */ = {isa = PBXFileReference; explicitFileType = wrapper.application; includeInIndex = 0; path = iQuiz.app; sourceTree = BUILT_PRODUCTS_DIR; };
		EF76CB972AD2DF740092A8EC /* AppDelegate.swift */ = {isa = PBXFileReference; lastKnownFileType = sourcecode.swift; path = AppDelegate.swift; sourceTree = "<group>"; };
		EF76CB992AD2DF740092A8EC /* SceneDelegate.swift */ = {isa = PBXFileReference; lastKnownFileType = sourcecode.swift; path = SceneDelegate.swift; sourceTree = "<group>"; };
		EF76CB9B2AD2DF740092A8EC /* ViewController.swift */ = {isa = PBXFileReference; lastKnownFileType = sourcecode.swift; path = ViewController.swift; sourceTree = "<group>"; };
		EF76CB9E2AD2DF740092A8EC /* Base */ = {isa = PBXFileReference; lastKnownFileType = file.storyboard; name = Base; path = Base.lproj/Main.storyboard; sourceTree = "<group>"; };
		EF76CBA02AD2DF750092A8EC /* Assets.xcassets */ = {isa = PBXFileReference; lastKnownFileType = folder.assetcatalog; path = Assets.xcassets; sourceTree = "<group>"; };
		EF76CBA32AD2DF750092A8EC /* Base */ = {isa = PBXFileReference; lastKnownFileType = file.storyboard; name = Base; path = Base.lproj/LaunchScreen.storyboard; sourceTree = "<group>"; };
		EF76CBA52AD2DF750092A8EC /* Info.plist */ = {isa = PBXFileReference; lastKnownFileType = text.plist.xml; path = Info.plist; sourceTree = "<group>"; };
		EFCBF7372AD348FE00501789 /* Questao.swift */ = {isa = PBXFileReference; lastKnownFileType = sourcecode.swift; path = Questao.swift; sourceTree = "<group>"; };
		EFCEFDCB2AD2F2EE0050E2B6 /* QuestaoViewController.swift */ = {isa = PBXFileReference; lastKnownFileType = sourcecode.swift; path = QuestaoViewController.swift; sourceTree = "<group>"; };
/* End PBXFileReference section */

/* Begin PBXFrameworksBuildPhase section */
		EF76CB912AD2DF740092A8EC /* Frameworks */ = {
			isa = PBXFrameworksBuildPhase;
			buildActionMask = 2147483647;
			files = (
			);
			runOnlyForDeploymentPostprocessing = 0;
		};
/* End PBXFrameworksBuildPhase section */

/* Begin PBXGroup section */
		EF2EB0202AD4673B00F44F2F /* ViewController */ = {
			isa = PBXGroup;
			children = (
				EF2EB01E2AD4593800F44F2F /* DesempenhoViewController.swift */,
				EF76CB9B2AD2DF740092A8EC /* ViewController.swift */,
				EFCEFDCB2AD2F2EE0050E2B6 /* QuestaoViewController.swift */,
			);
			path = ViewController;
			sourceTree = "<group>";
		};
		EF2EB0212AD4676900F44F2F /* Modelo */ = {
			isa = PBXGroup;
			children = (
				EFCBF7372AD348FE00501789 /* Questao.swift */,
			);
			path = Modelo;
			sourceTree = "<group>";
		};
		EF76CB8B2AD2DF740092A8EC = {
			isa = PBXGroup;
			children = (
				EF76CB962AD2DF740092A8EC /* iQuiz */,
				EF76CB952AD2DF740092A8EC /* Products */,
			);
			sourceTree = "<group>";
		};
		EF76CB952AD2DF740092A8EC /* Products */ = {
			isa = PBXGroup;
			children = (
				EF76CB942AD2DF740092A8EC /* iQuiz.app */,
			);
			name = Products;
			sourceTree = "<group>";
		};
		EF76CB962AD2DF740092A8EC /* iQuiz */ = {
			isa = PBXGroup;
			children = (
				EF2EB0212AD4676900F44F2F /* Modelo */,
				EF2EB0202AD4673B00F44F2F /* ViewController */,
				EF76CB972AD2DF740092A8EC /* AppDelegate.swift */,
				EF76CB992AD2DF740092A8EC /* SceneDelegate.swift */,
				EF76CB9D2AD2DF740092A8EC /* Main.storyboard */,
				EF76CBA02AD2DF750092A8EC /* Assets.xcassets */,
				EF76CBA22AD2DF750092A8EC /* LaunchScreen.storyboard */,
				EF76CBA52AD2DF750092A8EC /* Info.plist */,
			);
			path = iQuiz;
			sourceTree = "<group>";
		};
/* End PBXGroup section */

/* Begin PBXNativeTarget section */
		EF76CB932AD2DF740092A8EC /* iQuiz */ = {
			isa = PBXNativeTarget;
			buildConfigurationList = EF76CBA82AD2DF750092A8EC /* Build configuration list for PBXNativeTarget "iQuiz" */;
			buildPhases = (
				EF76CB902AD2DF740092A8EC /* Sources */,
				EF76CB912AD2DF740092A8EC /* Frameworks */,
				EF76CB922AD2DF740092A8EC /* Resources */,
			);
			buildRules = (
			);
			dependencies = (
			);
			name = iQuiz;
			productName = iQuiz;
			productReference = EF76CB942AD2DF740092A8EC /* iQuiz.app */;
			productType = "com.apple.product-type.application";
		};
/* End PBXNativeTarget section */

/* Begin PBXProject section */
		EF76CB8C2AD2DF740092A8EC /* Project object */ = {
			isa = PBXProject;
			attributes = {
				BuildIndependentTargetsInParallel = 1;
				LastSwiftUpdateCheck = 1500;
				LastUpgradeCheck = 1500;
				TargetAttributes = {
					EF76CB932AD2DF740092A8EC = {
						CreatedOnToolsVersion = 15.0;
					};
				};
			};
			buildConfigurationList = EF76CB8F2AD2DF740092A8EC /* Build configuration list for PBXProject "iQuiz" */;
			compatibilityVersion = "Xcode 14.0";
			developmentRegion = en;
			hasScannedForEncodings = 0;
			knownRegions = (
				en,
				Base,
			);
			mainGroup = EF76CB8B2AD2DF740092A8EC;
			productRefGroup = EF76CB952AD2DF740092A8EC /* Products */;
			projectDirPath = "";
			projectRoot = "";
			targets = (
				EF76CB932AD2DF740092A8EC /* iQuiz */,
			);
		};
/* End PBXProject section */

/* Begin PBXResourcesBuildPhase section */
		EF76CB922AD2DF740092A8EC /* Resources */ = {
			isa = PBXResourcesBuildPhase;
			buildActionMask = 2147483647;
			files = (
				EF76CBA42AD2DF750092A8EC /* LaunchScreen.storyboard in Resources */,
				EF76CBA12AD2DF750092A8EC /* Assets.xcassets in Resources */,
				EF76CB9F2AD2DF740092A8EC /* Main.storyboard in Resources */,
			);
			runOnlyForDeploymentPostprocessing = 0;
		};
/* End PBXResourcesBuildPhase section */

/* Begin PBXSourcesBuildPhase section */
		EF76CB902AD2DF740092A8EC /* Sources */ = {
			isa = PBXSourcesBuildPhase;
			buildActionMask = 2147483647;
			files = (
				EF76CB9C2AD2DF740092A8EC /* ViewController.swift in Sources */,
				EF76CB982AD2DF740092A8EC /* AppDelegate.swift in Sources */,
				EF76CB9A2AD2DF740092A8EC /* SceneDelegate.swift in Sources */,
				EFCBF7382AD348FE00501789 /* Questao.swift in Sources */,
				EF2EB01F2AD4593800F44F2F /* DesempenhoViewController.swift in Sources */,
				EFCEFDCC2AD2F2EE0050E2B6 /* QuestaoViewController.swift in Sources */,
			);
			runOnlyForDeploymentPostprocessing = 0;
		};
/* End PBXSourcesBuildPhase section */

/* Begin PBXVariantGroup section */
		EF76CB9D2AD2DF740092A8EC /* Main.storyboard */ = {
			isa = PBXVariantGroup;
			children = (
				EF76CB9E2AD2DF740092A8EC /* Base */,
			);
			name = Main.storyboard;
			sourceTree = "<group>";
		};
		EF76CBA22AD2DF750092A8EC /* LaunchScreen.storyboard */ = {
			isa = PBXVariantGroup;
			children = (
				EF76CBA32AD2DF750092A8EC /* Base */,
			);
			name = LaunchScreen.storyboard;
			sourceTree = "<group>";
		};
/* End PBXVariantGroup section */

/* Begin XCBuildConfiguration section */
		EF76CBA62AD2DF750092A8EC /* Debug */ = {
			isa = XCBuildConfiguration;
			buildSettings = {
				ALWAYS_SEARCH_USER_PATHS = NO;
				ASSETCATALOG_COMPILER_GENERATE_SWIFT_ASSET_SYMBOL_EXTENSIONS = YES;
				CLANG_ANALYZER_NONNULL = YES;
				CLANG_ANALYZER_NUMBER_OBJECT_CONVERSION = YES_AGGRESSIVE;
				CLANG_CXX_LANGUAGE_STANDARD = "gnu++20";
				CLANG_ENABLE_MODULES = YES;
				CLANG_ENABLE_OBJC_ARC = YES;
				CLANG_ENABLE_OBJC_WEAK = YES;
				CLANG_WARN_BLOCK_CAPTURE_AUTORELEASING = YES;
				CLANG_WARN_BOOL_CONVERSION = YES;
				CLANG_WARN_COMMA = YES;
				CLANG_WARN_CONSTANT_CONVERSION = YES;
				CLANG_WARN_DEPRECATED_OBJC_IMPLEMENTATIONS = YES;
				CLANG_WARN_DIRECT_OBJC_ISA_USAGE = YES_ERROR;
				CLANG_WARN_DOCUMENTATION_COMMENTS = YES;
				CLANG_WARN_EMPTY_BODY = YES;
				CLANG_WARN_ENUM_CONVERSION = YES;
				CLANG_WARN_INFINITE_RECURSION = YES;
				CLANG_WARN_INT_CONVERSION = YES;
				CLANG_WARN_NON_LITERAL_NULL_CONVERSION = YES;
				CLANG_WARN_OBJC_IMPLICIT_RETAIN_SELF = YES;
				CLANG_WARN_OBJC_LITERAL_CONVERSION = YES;
				CLANG_WARN_OBJC_ROOT_CLASS = YES_ERROR;
				CLANG_WARN_QUOTED_INCLUDE_IN_FRAMEWORK_HEADER = YES;
				CLANG_WARN_RANGE_LOOP_ANALYSIS = YES;
				CLANG_WARN_STRICT_PROTOTYPES = YES;
				CLANG_WARN_SUSPICIOUS_MOVE = YES;
				CLANG_WARN_UNGUARDED_AVAILABILITY = YES_AGGRESSIVE;
				CLANG_WARN_UNREACHABLE_CODE = YES;
				CLANG_WARN__DUPLICATE_METHOD_MATCH = YES;
				COPY_PHASE_STRIP = NO;
				DEBUG_INFORMATION_FORMAT = dwarf;
				ENABLE_STRICT_OBJC_MSGSEND = YES;
				ENABLE_TESTABILITY = YES;
				ENABLE_USER_SCRIPT_SANDBOXING = YES;
				GCC_C_LANGUAGE_STANDARD = gnu17;
				GCC_DYNAMIC_NO_PIC = NO;
				GCC_NO_COMMON_BLOCKS = YES;
				GCC_OPTIMIZATION_LEVEL = 0;
				GCC_PREPROCESSOR_DEFINITIONS = (
					"DEBUG=1",
					"$(inherited)",
				);
				GCC_WARN_64_TO_32_BIT_CONVERSION = YES;
				GCC_WARN_ABOUT_RETURN_TYPE = YES_ERROR;
				GCC_WARN_UNDECLARED_SELECTOR = YES;
				GCC_WARN_UNINITIALIZED_AUTOS = YES_AGGRESSIVE;
				GCC_WARN_UNUSED_FUNCTION = YES;
				GCC_WARN_UNUSED_VARIABLE = YES;
				IPHONEOS_DEPLOYMENT_TARGET = 17.0;
				LOCALIZATION_PREFERS_STRING_CATALOGS = YES;
				MTL_ENABLE_DEBUG_INFO = INCLUDE_SOURCE;
				MTL_FAST_MATH = YES;
				ONLY_ACTIVE_ARCH = YES;
				SDKROOT = iphoneos;
				SWIFT_ACTIVE_COMPILATION_CONDITIONS = "DEBUG $(inherited)";
				SWIFT_OPTIMIZATION_LEVEL = "-Onone";
			};
			name = Debug;
		};
		EF76CBA72AD2DF750092A8EC /* Release */ = {
			isa = XCBuildConfiguration;
			buildSettings = {
				ALWAYS_SEARCH_USER_PATHS = NO;
				ASSETCATALOG_COMPILER_GENERATE_SWIFT_ASSET_SYMBOL_EXTENSIONS = YES;
				CLANG_ANALYZER_NONNULL = YES;
				CLANG_ANALYZER_NUMBER_OBJECT_CONVERSION = YES_AGGRESSIVE;
				CLANG_CXX_LANGUAGE_STANDARD = "gnu++20";
				CLANG_ENABLE_MODULES = YES;
				CLANG_ENABLE_OBJC_ARC = YES;
				CLANG_ENABLE_OBJC_WEAK = YES;
				CLANG_WARN_BLOCK_CAPTURE_AUTORELEASING = YES;
				CLANG_WARN_BOOL_CONVERSION = YES;
				CLANG_WARN_COMMA = YES;
				CLANG_WARN_CONSTANT_CONVERSION = YES;
				CLANG_WARN_DEPRECATED_OBJC_IMPLEMENTATIONS = YES;
				CLANG_WARN_DIRECT_OBJC_ISA_USAGE = YES_ERROR;
				CLANG_WARN_DOCUMENTATION_COMMENTS = YES;
				CLANG_WARN_EMPTY_BODY = YES;
				CLANG_WARN_ENUM_CONVERSION = YES;
				CLANG_WARN_INFINITE_RECURSION = YES;
				CLANG_WARN_INT_CONVERSION = YES;
				CLANG_WARN_NON_LITERAL_NULL_CONVERSION = YES;
				CLANG_WARN_OBJC_IMPLICIT_RETAIN_SELF = YES;
				CLANG_WARN_OBJC_LITERAL_CONVERSION = YES;
				CLANG_WARN_OBJC_ROOT_CLASS = YES_ERROR;
				CLANG_WARN_QUOTED_INCLUDE_IN_FRAMEWORK_HEADER = YES;
				CLANG_WARN_RANGE_LOOP_ANALYSIS = YES;
				CLANG_WARN_STRICT_PROTOTYPES = YES;
				CLANG_WARN_SUSPICIOUS_MOVE = YES;
				CLANG_WARN_UNGUARDED_AVAILABILITY = YES_AGGRESSIVE;
				CLANG_WARN_UNREACHABLE_CODE = YES;
				CLANG_WARN__DUPLICATE_METHOD_MATCH = YES;
				COPY_PHASE_STRIP = NO;
				DEBUG_INFORMATION_FORMAT = "dwarf-with-dsym";
				ENABLE_NS_ASSERTIONS = NO;
				ENABLE_STRICT_OBJC_MSGSEND = YES;
				ENABLE_USER_SCRIPT_SANDBOXING = YES;
				GCC_C_LANGUAGE_STANDARD = gnu17;
				GCC_NO_COMMON_BLOCKS = YES;
				GCC_WARN_64_TO_32_BIT_CONVERSION = YES;
				GCC_WARN_ABOUT_RETURN_TYPE = YES_ERROR;
				GCC_WARN_UNDECLARED_SELECTOR = YES;
				GCC_WARN_UNINITIALIZED_AUTOS = YES_AGGRESSIVE;
				GCC_WARN_UNUSED_FUNCTION = YES;
				GCC_WARN_UNUSED_VARIABLE = YES;
				IPHONEOS_DEPLOYMENT_TARGET = 17.0;
				LOCALIZATION_PREFERS_STRING_CATALOGS = YES;
				MTL_ENABLE_DEBUG_INFO = NO;
				MTL_FAST_MATH = YES;
				SDKROOT = iphoneos;
				SWIFT_COMPILATION_MODE = wholemodule;
				VALIDATE_PRODUCT = YES;
			};
			name = Release;
		};
		EF76CBA92AD2DF750092A8EC /* Debug */ = {
			isa = XCBuildConfiguration;
			buildSettings = {
				ASSETCATALOG_COMPILER_APPICON_NAME = AppIcon;
				ASSETCATALOG_COMPILER_GLOBAL_ACCENT_COLOR_NAME = AccentColor;
				CODE_SIGN_STYLE = Automatic;
				CURRENT_PROJECT_VERSION = 1;
				GENERATE_INFOPLIST_FILE = YES;
				INFOPLIST_FILE = iQuiz/Info.plist;
				INFOPLIST_KEY_UIApplicationSupportsIndirectInputEvents = YES;
				INFOPLIST_KEY_UILaunchStoryboardName = LaunchScreen;
				INFOPLIST_KEY_UIMainStoryboardFile = Main;
				INFOPLIST_KEY_UISupportedInterfaceOrientations_iPad = "UIInterfaceOrientationPortrait UIInterfaceOrientationPortraitUpsideDown UIInterfaceOrientationLandscapeLeft UIInterfaceOrientationLandscapeRight";
				INFOPLIST_KEY_UISupportedInterfaceOrientations_iPhone = "UIInterfaceOrientationPortrait UIInterfaceOrientationLandscapeLeft UIInterfaceOrientationLandscapeRight";
				LD_RUNPATH_SEARCH_PATHS = (
					"$(inherited)",
					"@executable_path/Frameworks",
				);
				MARKETING_VERSION = 1.0;
				PRODUCT_BUNDLE_IDENTIFIER = drull.iQuiz;
				PRODUCT_NAME = "$(TARGET_NAME)";
				SWIFT_EMIT_LOC_STRINGS = YES;
				SWIFT_VERSION = 5.0;
				TARGETED_DEVICE_FAMILY = "1,2";
			};
			name = Debug;
		};
		EF76CBAA2AD2DF750092A8EC /* Release */ = {
			isa = XCBuildConfiguration;
			buildSettings = {
				ASSETCATALOG_COMPILER_APPICON_NAME = AppIcon;
				ASSETCATALOG_COMPILER_GLOBAL_ACCENT_COLOR_NAME = AccentColor;
				CODE_SIGN_STYLE = Automatic;
				CURRENT_PROJECT_VERSION = 1;
				GENERATE_INFOPLIST_FILE = YES;
				INFOPLIST_FILE = iQuiz/Info.plist;
				INFOPLIST_KEY_UIApplicationSupportsIndirectInputEvents = YES;
				INFOPLIST_KEY_UILaunchStoryboardName = LaunchScreen;
				INFOPLIST_KEY_UIMainStoryboardFile = Main;
				INFOPLIST_KEY_UISupportedInterfaceOrientations_iPad = "UIInterfaceOrientationPortrait UIInterfaceOrientationPortraitUpsideDown UIInterfaceOrientationLandscapeLeft UIInterfaceOrientationLandscapeRight";
				INFOPLIST_KEY_UISupportedInterfaceOrientations_iPhone = "UIInterfaceOrientationPortrait UIInterfaceOrientationLandscapeLeft UIInterfaceOrientationLandscapeRight";
				LD_RUNPATH_SEARCH_PATHS = (
					"$(inherited)",
					"@executable_path/Frameworks",
				);
				MARKETING_VERSION = 1.0;
				PRODUCT_BUNDLE_IDENTIFIER = drull.iQuiz;
				PRODUCT_NAME = "$(TARGET_NAME)";
				SWIFT_EMIT_LOC_STRINGS = YES;
				SWIFT_VERSION = 5.0;
				TARGETED_DEVICE_FAMILY = "1,2";
			};
			name = Release;
		};
/* End XCBuildConfiguration section */

/* Begin XCConfigurationList section */
		EF76CB8F2AD2DF740092A8EC /* Build configuration list for PBXProject "iQuiz" */ = {
			isa = XCConfigurationList;
			buildConfigurations = (
				EF76CBA62AD2DF750092A8EC /* Debug */,
				EF76CBA72AD2DF750092A8EC /* Release */,
			);
			defaultConfigurationIsVisible = 0;
			defaultConfigurationName = Release;
		};
		EF76CBA82AD2DF750092A8EC /* Build configuration list for PBXNativeTarget "iQuiz" */ = {
			isa = XCConfigurationList;
			buildConfigurations = (
				EF76CBA92AD2DF750092A8EC /* Debug */,
				EF76CBAA2AD2DF750092A8EC /* Release */,
			);
			defaultConfigurationIsVisible = 0;
			defaultConfigurationName = Release;
		};
/* End XCConfigurationList section */
	};
	rootObject = EF76CB8C2AD2DF740092A8EC /* Project object */;
}
